
Microsoft Visual Studio Solution File, Format Version 12.00
# Visual Studio Version 17
VisualStudioVersion = 17.12.35527.113
MinimumVisualStudioVersion = 10.0.40219.1
Project("{FAE04EC0-301F-11D3-BF4B-00C04F79EFBC}") = "PdfBindDirChanger", "PdfBindDirChanger\PdfBindDirChanger.csproj", "{090268B8-63AA-48D5-B25D-8F59460863AA}"
EndProject
Project("{54435603-DBB4-11D2-8724-00A0C9A8B90C}") = "Installer", "Installer\Installer.vdproj", "{8910B75C-9FC7-4931-8C6E-B7BD108ACC09}"
EndProject
Global
	GlobalSection(SolutionConfigurationPlatforms) = preSolution
		Debug|Any CPU = Debug|Any CPU
		Release|Any CPU = Release|Any CPU
	EndGlobalSection
	GlobalSection(ProjectConfigurationPlatforms) = postSolution
		{090268B8-63AA-48D5-B25D-8F59460863AA}.Debug|Any CPU.ActiveCfg = Debug|Any CPU
		{090268B8-63AA-48D5-B25D-8F59460863AA}.Debug|Any CPU.Build.0 = Debug|Any CPU
		{090268B8-63AA-48D5-B25D-8F59460863AA}.Release|Any CPU.ActiveCfg = Release|Any CPU
		{090268B8-63AA-48D5-B25D-8F59460863AA}.Release|Any CPU.Build.0 = Release|Any CPU
		{8910B75C-9FC7-4931-8C6E-B7BD108ACC09}.Debug|Any CPU.ActiveCfg = Debug
		{8910B75C-9FC7-4931-8C6E-B7BD108ACC09}.Release|Any CPU.ActiveCfg = Release
	EndGlobalSection
	GlobalSection(SolutionProperties) = preSolution
		HideSolutionNode = FALSE
	EndGlobalSection
EndGlobal
